Microsoft Visual Studio Solution File, Format Version 12.00
# Visual Studio 2012
Project("{FAE04EC0-301F-11D3-BF4B-00C04F79EFBC}") = "MMVRServer", "MMVRServer.csproj", "{FC7A1D17-CDB8-45AC-A6E4-1BF7C8D96F49}"
EndProject
Global
	GlobalSection(SolutionConfigurationPlatforms) = preSolution
	Debug|Any CPU = Debug|Any CPU
	ExportDebug|Any CPU = ExportDebug|Any CPU
	ExportRelease|Any CPU = ExportRelease|Any CPU
	EndGlobalSection
	GlobalSection(ProjectConfigurationPlatforms) = postSolution
		{FC7A1D17-CDB8-45AC-A6E4-1BF7C8D96F49}.Debug|Any CPU.ActiveCfg = Debug|Any CPU
		{FC7A1D17-CDB8-45AC-A6E4-1BF7C8D96F49}.Debug|Any CPU.Build.0 = Debug|Any CPU
		{FC7A1D17-CDB8-45AC-A6E4-1BF7C8D96F49}.ExportDebug|Any CPU.ActiveCfg = ExportDebug|Any CPU
		{FC7A1D17-CDB8-45AC-A6E4-1BF7C8D96F49}.ExportDebug|Any CPU.Build.0 = ExportDebug|Any CPU
		{FC7A1D17-CDB8-45AC-A6E4-1BF7C8D96F49}.ExportRelease|Any CPU.ActiveCfg = ExportRelease|Any CPU
		{FC7A1D17-CDB8-45AC-A6E4-1BF7C8D96F49}.ExportRelease|Any CPU.Build.0 = ExportRelease|Any CPU
	EndGlobalSection
EndGlobal
